
Microsoft Visual Studio Solution File, Format Version 11.00
# Visual C# Express 2010
Project("{FAE04EC0-301F-11D3-BF4B-00C04F79EFBC}") = "StepsDBLib", "StepsDBLib\StepsDBLib.csproj", "{21B69895-E8C9-4FDC-99C4-A8F94F21EEC5}"
EndProject
Global
	GlobalSection(SolutionConfigurationPlatforms) = preSolution
		Debug|Any CPU = Debug|Any CPU
		Release|Any CPU = Release|Any CPU
	EndGlobalSection
	GlobalSection(ProjectConfigurationPlatforms) = postSolution
		{21B69895-E8C9-4FDC-99C4-A8F94F21EEC5}.Debug|Any CPU.ActiveCfg = Debug|Any CPU
		{21B69895-E8C9-4FDC-99C4-A8F94F21EEC5}.Debug|Any CPU.Build.0 = Debug|Any CPU
		{21B69895-E8C9-4FDC-99C4-A8F94F21EEC5}.Release|Any CPU.ActiveCfg = Release|Any CPU
		{21B69895-E8C9-4FDC-99C4-A8F94F21EEC5}.Release|Any CPU.Build.0 = Release|Any CPU
	EndGlobalSection
	GlobalSection(SolutionProperties) = preSolution
		HideSolutionNode = FALSE
	EndGlobalSection
EndGlobal
